// !$*UTF8*$!
{
	archiveVersion = 1;
	classes = {
	};
	objectVersion = 56;
	objects = {

/* Begin PBXBuildFile section */
		B08052CE2BCD6EA00019DE38 /* AppDelegate.swift in Sources */ = {isa = PBXBuildFile; fileRef = B08052CD2BCD6EA00019DE38 /* AppDelegate.swift */; };
		B08052D02BCD6EA00019DE38 /* SceneDelegate.swift in Sources */ = {isa = PBXBuildFile; fileRef = B08052CF2BCD6EA00019DE38 /* SceneDelegate.swift */; };
		B08052D72BCD6EA10019DE38 /* Assets.xcassets in Resources */ = {isa = PBXBuildFile; fileRef = B08052D62BCD6EA10019DE38 /* Assets.xcassets */; };
		B08052DA2BCD6EA10019DE38 /* Base in Resources */ = {isa = PBXBuildFile; fileRef = B08052D92BCD6EA10019DE38 /* Base */; };
		B08052E22BCDCAFA0019DE38 /* SearchViewController.swift in Sources */ = {isa = PBXBuildFile; fileRef = B08052E12BCDCAFA0019DE38 /* SearchViewController.swift */; };
		B08052E42BCDCB330019DE38 /* FavoritesListViewController.swift in Sources */ = {isa = PBXBuildFile; fileRef = B08052E32BCDCB330019DE38 /* FavoritesListViewController.swift */; };
		B08052E62BCECEED0019DE38 /* GFButton.swift in Sources */ = {isa = PBXBuildFile; fileRef = B08052E52BCECEED0019DE38 /* GFButton.swift */; };
		B08052E82BCED2720019DE38 /* GFTextField.swift in Sources */ = {isa = PBXBuildFile; fileRef = B08052E72BCED2720019DE38 /* GFTextField.swift */; };
		B08052EA2BCEEF8E0019DE38 /* FollowerListViewController.swift in Sources */ = {isa = PBXBuildFile; fileRef = B08052E92BCEEF8E0019DE38 /* FollowerListViewController.swift */; };
		B08052EC2BD014B40019DE38 /* GFTitleLabel.swift in Sources */ = {isa = PBXBuildFile; fileRef = B08052EB2BD014B40019DE38 /* GFTitleLabel.swift */; };
		B08052EE2BD0161A0019DE38 /* GFBodyLabel.swift in Sources */ = {isa = PBXBuildFile; fileRef = B08052ED2BD0161A0019DE38 /* GFBodyLabel.swift */; };
		B08052F02BD016D00019DE38 /* GFAlertViewController.swift in Sources */ = {isa = PBXBuildFile; fileRef = B08052EF2BD016D00019DE38 /* GFAlertViewController.swift */; };
		B08052F22BD01D1F0019DE38 /* UIViewController+Ext.swift in Sources */ = {isa = PBXBuildFile; fileRef = B08052F12BD01D1F0019DE38 /* UIViewController+Ext.swift */; };
		B08052F92BD038A50019DE38 /* Follower.swift in Sources */ = {isa = PBXBuildFile; fileRef = B08052F82BD038A50019DE38 /* Follower.swift */; };
		B08052FB2BD03E1D0019DE38 /* User.swift in Sources */ = {isa = PBXBuildFile; fileRef = B08052FA2BD03E1D0019DE38 /* User.swift */; };
		B08052FE2BD0472E0019DE38 /* NetworkManager.swift in Sources */ = {isa = PBXBuildFile; fileRef = B08052FD2BD0472E0019DE38 /* NetworkManager.swift */; };
		B08053042BD1640B0019DE38 /* FollowerCell.swift in Sources */ = {isa = PBXBuildFile; fileRef = B08053032BD1640B0019DE38 /* FollowerCell.swift */; };
		B08053062BD1649A0019DE38 /* GFAvatarImageView.swift in Sources */ = {isa = PBXBuildFile; fileRef = B08053052BD1649A0019DE38 /* GFAvatarImageView.swift */; };
		B08053082BD194290019DE38 /* UIHelper.swift in Sources */ = {isa = PBXBuildFile; fileRef = B08053072BD194290019DE38 /* UIHelper.swift */; };
		B08053122BD2B9C30019DE38 /* GFEmptyStateView.swift in Sources */ = {isa = PBXBuildFile; fileRef = B08053112BD2B9C30019DE38 /* GFEmptyStateView.swift */; };
		B08053142BD2F1EA0019DE38 /* UserInfoViewController.swift in Sources */ = {isa = PBXBuildFile; fileRef = B08053132BD2F1EA0019DE38 /* UserInfoViewController.swift */; };
		B08053162BD2FB910019DE38 /* GFError.swift in Sources */ = {isa = PBXBuildFile; fileRef = B08053152BD2FB910019DE38 /* GFError.swift */; };
		B08053182BD302F70019DE38 /* GFUserInfoHeaderVC.swift in Sources */ = {isa = PBXBuildFile; fileRef = B08053172BD302F70019DE38 /* GFUserInfoHeaderVC.swift */; };
		B080531A2BD303560019DE38 /* GFSecondaryTitleLabel.swift in Sources */ = {isa = PBXBuildFile; fileRef = B08053192BD303560019DE38 /* GFSecondaryTitleLabel.swift */; };
		B080531C2BD30AE70019DE38 /* Constants.swift in Sources */ = {isa = PBXBuildFile; fileRef = B080531B2BD30AE70019DE38 /* Constants.swift */; };
		B080531E2BD5825A0019DE38 /* GFItemInfoView.swift in Sources */ = {isa = PBXBuildFile; fileRef = B080531D2BD5825A0019DE38 /* GFItemInfoView.swift */; };
		B08053202BD586970019DE38 /* GFItemInfoViewController.swift in Sources */ = {isa = PBXBuildFile; fileRef = B080531F2BD586970019DE38 /* GFItemInfoViewController.swift */; };
		B08053222BD589BC0019DE38 /* GFRepoItemVC.swift in Sources */ = {isa = PBXBuildFile; fileRef = B08053212BD589BC0019DE38 /* GFRepoItemVC.swift */; };
		B08053242BD58BE10019DE38 /* GFFollowerItemVC.swift in Sources */ = {isa = PBXBuildFile; fileRef = B08053232BD58BE10019DE38 /* GFFollowerItemVC.swift */; };
		B08053272BD596BF0019DE38 /* Date+Ext.swift in Sources */ = {isa = PBXBuildFile; fileRef = B08053262BD596BF0019DE38 /* Date+Ext.swift */; };
		B08053292BD596F70019DE38 /* String+Ext.swift in Sources */ = {isa = PBXBuildFile; fileRef = B08053282BD596F70019DE38 /* String+Ext.swift */; };
		B080532B2BD6DA640019DE38 /* PersistenceManager.swift in Sources */ = {isa = PBXBuildFile; fileRef = B080532A2BD6DA640019DE38 /* PersistenceManager.swift */; };
		B080532D2BD6E6D40019DE38 /* favoriteCell.swift in Sources */ = {isa = PBXBuildFile; fileRef = B080532C2BD6E6D40019DE38 /* favoriteCell.swift */; };
/* End PBXBuildFile section */

/* Begin PBXFileReference section */
		B08052CA2BCD6EA00019DE38 /* GHFollowers.app */ = {isa = PBXFileReference; explicitFileType = wrapper.application; includeInIndex = 0; path = GHFollowers.app; sourceTree = BUILT_PRODUCTS_DIR; };
		B08052CD2BCD6EA00019DE38 /* AppDelegate.swift */ = {isa = PBXFileReference; lastKnownFileType = sourcecode.swift; path = AppDelegate.swift; sourceTree = "<group>"; };
		B08052CF2BCD6EA00019DE38 /* SceneDelegate.swift */ = {isa = PBXFileReference; lastKnownFileType = sourcecode.swift; path = SceneDelegate.swift; sourceTree = "<group>"; };
		B08052D62BCD6EA10019DE38 /* Assets.xcassets */ = {isa = PBXFileReference; lastKnownFileType = folder.assetcatalog; path = Assets.xcassets; sourceTree = "<group>"; };
		B08052D92BCD6EA10019DE38 /* Base */ = {isa = PBXFileReference; lastKnownFileType = file.storyboard; name = Base; path = Base.lproj/LaunchScreen.storyboard; sourceTree = "<group>"; };
		B08052DB2BCD6EA10019DE38 /* Info.plist */ = {isa = PBXFileReference; lastKnownFileType = text.plist.xml; path = Info.plist; sourceTree = "<group>"; };
		B08052E12BCDCAFA0019DE38 /* SearchViewController.swift */ = {isa = PBXFileReference; lastKnownFileType = sourcecode.swift; path = SearchViewController.swift; sourceTree = "<group>"; };
		B08052E32BCDCB330019DE38 /* FavoritesListViewController.swift */ = {isa = PBXFileReference; lastKnownFileType = sourcecode.swift; path = FavoritesListViewController.swift; sourceTree = "<group>"; };
		B08052E52BCECEED0019DE38 /* GFButton.swift */ = {isa = PBXFileReference; lastKnownFileType = sourcecode.swift; path = GFButton.swift; sourceTree = "<group>"; };
		B08052E72BCED2720019DE38 /* GFTextField.swift */ = {isa = PBXFileReference; lastKnownFileType = sourcecode.swift; path = GFTextField.swift; sourceTree = "<group>"; };
		B08052E92BCEEF8E0019DE38 /* FollowerListViewController.swift */ = {isa = PBXFileReference; lastKnownFileType = sourcecode.swift; path = FollowerListViewController.swift; sourceTree = "<group>"; };
		B08052EB2BD014B40019DE38 /* GFTitleLabel.swift */ = {isa = PBXFileReference; lastKnownFileType = sourcecode.swift; path = GFTitleLabel.swift; sourceTree = "<group>"; };
		B08052ED2BD0161A0019DE38 /* GFBodyLabel.swift */ = {isa = PBXFileReference; lastKnownFileType = sourcecode.swift; path = GFBodyLabel.swift; sourceTree = "<group>"; };
		B08052EF2BD016D00019DE38 /* GFAlertViewController.swift */ = {isa = PBXFileReference; lastKnownFileType = sourcecode.swift; path = GFAlertViewController.swift; sourceTree = "<group>"; };
		B08052F12BD01D1F0019DE38 /* UIViewController+Ext.swift */ = {isa = PBXFileReference; lastKnownFileType = sourcecode.swift; path = "UIViewController+Ext.swift"; sourceTree = "<group>"; };
		B08052F82BD038A50019DE38 /* Follower.swift */ = {isa = PBXFileReference; lastKnownFileType = sourcecode.swift; path = Follower.swift; sourceTree = "<group>"; };
		B08052FA2BD03E1D0019DE38 /* User.swift */ = {isa = PBXFileReference; lastKnownFileType = sourcecode.swift; path = User.swift; sourceTree = "<group>"; };
		B08052FD2BD0472E0019DE38 /* NetworkManager.swift */ = {isa = PBXFileReference; lastKnownFileType = sourcecode.swift; path = NetworkManager.swift; sourceTree = "<group>"; };
		B08053032BD1640B0019DE38 /* FollowerCell.swift */ = {isa = PBXFileReference; lastKnownFileType = sourcecode.swift; path = FollowerCell.swift; sourceTree = "<group>"; };
		B08053052BD1649A0019DE38 /* GFAvatarImageView.swift */ = {isa = PBXFileReference; lastKnownFileType = sourcecode.swift; path = GFAvatarImageView.swift; sourceTree = "<group>"; };
		B08053072BD194290019DE38 /* UIHelper.swift */ = {isa = PBXFileReference; lastKnownFileType = sourcecode.swift; path = UIHelper.swift; sourceTree = "<group>"; };
		B08053112BD2B9C30019DE38 /* GFEmptyStateView.swift */ = {isa = PBXFileReference; lastKnownFileType = sourcecode.swift; path = GFEmptyStateView.swift; sourceTree = "<group>"; };
		B08053132BD2F1EA0019DE38 /* UserInfoViewController.swift */ = {isa = PBXFileReference; lastKnownFileType = sourcecode.swift; path = UserInfoViewController.swift; sourceTree = "<group>"; };
		B08053152BD2FB910019DE38 /* GFError.swift */ = {isa = PBXFileReference; lastKnownFileType = sourcecode.swift; path = GFError.swift; sourceTree = "<group>"; };
		B08053172BD302F70019DE38 /* GFUserInfoHeaderVC.swift */ = {isa = PBXFileReference; lastKnownFileType = sourcecode.swift; path = GFUserInfoHeaderVC.swift; sourceTree = "<group>"; };
		B08053192BD303560019DE38 /* GFSecondaryTitleLabel.swift */ = {isa = PBXFileReference; lastKnownFileType = sourcecode.swift; path = GFSecondaryTitleLabel.swift; sourceTree = "<group>"; };
		B080531B2BD30AE70019DE38 /* Constants.swift */ = {isa = PBXFileReference; lastKnownFileType = sourcecode.swift; path = Constants.swift; sourceTree = "<group>"; };
		B080531D2BD5825A0019DE38 /* GFItemInfoView.swift */ = {isa = PBXFileReference; lastKnownFileType = sourcecode.swift; path = GFItemInfoView.swift; sourceTree = "<group>"; };
		B080531F2BD586970019DE38 /* GFItemInfoViewController.swift */ = {isa = PBXFileReference; lastKnownFileType = sourcecode.swift; path = GFItemInfoViewController.swift; sourceTree = "<group>"; };
		B08053212BD589BC0019DE38 /* GFRepoItemVC.swift */ = {isa = PBXFileReference; lastKnownFileType = sourcecode.swift; path = GFRepoItemVC.swift; sourceTree = "<group>"; };
		B08053232BD58BE10019DE38 /* GFFollowerItemVC.swift */ = {isa = PBXFileReference; lastKnownFileType = sourcecode.swift; path = GFFollowerItemVC.swift; sourceTree = "<group>"; };
		B08053262BD596BF0019DE38 /* Date+Ext.swift */ = {isa = PBXFileReference; lastKnownFileType = sourcecode.swift; path = "Date+Ext.swift"; sourceTree = "<group>"; };
		B08053282BD596F70019DE38 /* String+Ext.swift */ = {isa = PBXFileReference; lastKnownFileType = sourcecode.swift; path = "String+Ext.swift"; sourceTree = "<group>"; };
		B080532A2BD6DA640019DE38 /* PersistenceManager.swift */ = {isa = PBXFileReference; lastKnownFileType = sourcecode.swift; path = PersistenceManager.swift; sourceTree = "<group>"; };
		B080532C2BD6E6D40019DE38 /* favoriteCell.swift */ = {isa = PBXFileReference; lastKnownFileType = sourcecode.swift; path = favoriteCell.swift; sourceTree = "<group>"; };
/* End PBXFileReference section */

/* Begin PBXFrameworksBuildPhase section */
		B08052C72BCD6EA00019DE38 /* Frameworks */ = {
			isa = PBXFrameworksBuildPhase;
			buildActionMask = 2147483647;
			files = (
			);
			runOnlyForDeploymentPostprocessing = 0;
		};
/* End PBXFrameworksBuildPhase section */

/* Begin PBXGroup section */
		B08052C12BCD6EA00019DE38 = {
			isa = PBXGroup;
			children = (
				B08052CC2BCD6EA00019DE38 /* GHFollowers */,
				B08052CB2BCD6EA00019DE38 /* Products */,
			);
			sourceTree = "<group>";
		};
		B08052CB2BCD6EA00019DE38 /* Products */ = {
			isa = PBXGroup;
			children = (
				B08052CA2BCD6EA00019DE38 /* GHFollowers.app */,
			);
			name = Products;
			sourceTree = "<group>";
		};
		B08052CC2BCD6EA00019DE38 /* GHFollowers */ = {
			isa = PBXGroup;
			children = (
				B08052FF2BD05AD70019DE38 /* Utilities */,
				B08052FC2BD0470F0019DE38 /* Managers */,
				B08052F72BD0378A0019DE38 /* Model */,
				B08052F62BD034C00019DE38 /* Support */,
				B08052F52BD034710019DE38 /* Extensions */,
				B08052F42BD034330019DE38 /* Custom Views */,
				B08052F32BD033FC0019DE38 /* Screens */,
				B08052DB2BCD6EA10019DE38 /* Info.plist */,
			);
			path = GHFollowers;
			sourceTree = "<group>";
		};
		B08052F32BD033FC0019DE38 /* Screens */ = {
			isa = PBXGroup;
			children = (
				B08052E12BCDCAFA0019DE38 /* SearchViewController.swift */,
				B08052E32BCDCB330019DE38 /* FavoritesListViewController.swift */,
				B08052E92BCEEF8E0019DE38 /* FollowerListViewController.swift */,
				B08053132BD2F1EA0019DE38 /* UserInfoViewController.swift */,
			);
			path = Screens;
			sourceTree = "<group>";
		};
		B08052F42BD034330019DE38 /* Custom Views */ = {
			isa = PBXGroup;
			children = (
				B08053102BD2B96D0019DE38 /* Labels */,
				B080530F2BD2B95B0019DE38 /* ViewControllers */,
				B080530E2BD2B9490019DE38 /* ImageViews */,
				B080530D2BD2B9410019DE38 /* TextFields */,
				B080530C2BD2B9390019DE38 /* Buttons */,
				B080530B2BD2B9310019DE38 /* Views */,
				B08053022BD163DE0019DE38 /* Cells */,
			);
			path = "Custom Views";
			sourceTree = "<group>";
		};
		B08052F52BD034710019DE38 /* Extensions */ = {
			isa = PBXGroup;
			children = (
				B08052F12BD01D1F0019DE38 /* UIViewController+Ext.swift */,
				B08053262BD596BF0019DE38 /* Date+Ext.swift */,
				B08053282BD596F70019DE38 /* String+Ext.swift */,
			);
			path = Extensions;
			sourceTree = "<group>";
		};
		B08052F62BD034C00019DE38 /* Support */ = {
			isa = PBXGroup;
			children = (
				B08052CD2BCD6EA00019DE38 /* AppDelegate.swift */,
				B08052CF2BCD6EA00019DE38 /* SceneDelegate.swift */,
				B08052D62BCD6EA10019DE38 /* Assets.xcassets */,
				B08052D82BCD6EA10019DE38 /* LaunchScreen.storyboard */,
			);
			path = Support;
			sourceTree = "<group>";
		};
		B08052F72BD0378A0019DE38 /* Model */ = {
			isa = PBXGroup;
			children = (
				B08052F82BD038A50019DE38 /* Follower.swift */,
				B08052FA2BD03E1D0019DE38 /* User.swift */,
			);
			path = Model;
			sourceTree = "<group>";
		};
		B08052FC2BD0470F0019DE38 /* Managers */ = {
			isa = PBXGroup;
			children = (
				B08052FD2BD0472E0019DE38 /* NetworkManager.swift */,
				B080532A2BD6DA640019DE38 /* PersistenceManager.swift */,
			);
			path = Managers;
			sourceTree = "<group>";
		};
		B08052FF2BD05AD70019DE38 /* Utilities */ = {
			isa = PBXGroup;
			children = (
				B08053072BD194290019DE38 /* UIHelper.swift */,
				B08053152BD2FB910019DE38 /* GFError.swift */,
				B080531B2BD30AE70019DE38 /* Constants.swift */,
			);
			path = Utilities;
			sourceTree = "<group>";
		};
		B08053022BD163DE0019DE38 /* Cells */ = {
			isa = PBXGroup;
			children = (
				B08053032BD1640B0019DE38 /* FollowerCell.swift */,
				B080532C2BD6E6D40019DE38 /* favoriteCell.swift */,
			);
			path = Cells;
			sourceTree = "<group>";
		};
		B080530B2BD2B9310019DE38 /* Views */ = {
			isa = PBXGroup;
			children = (
				B08053112BD2B9C30019DE38 /* GFEmptyStateView.swift */,
				B080531D2BD5825A0019DE38 /* GFItemInfoView.swift */,
			);
			path = Views;
			sourceTree = "<group>";
		};
		B080530C2BD2B9390019DE38 /* Buttons */ = {
			isa = PBXGroup;
			children = (
				B08052E52BCECEED0019DE38 /* GFButton.swift */,
			);
			path = Buttons;
			sourceTree = "<group>";
		};
		B080530D2BD2B9410019DE38 /* TextFields */ = {
			isa = PBXGroup;
			children = (
				B08052E72BCED2720019DE38 /* GFTextField.swift */,
			);
			path = TextFields;
			sourceTree = "<group>";
		};
		B080530E2BD2B9490019DE38 /* ImageViews */ = {
			isa = PBXGroup;
			children = (
				B08053052BD1649A0019DE38 /* GFAvatarImageView.swift */,
			);
			path = ImageViews;
			sourceTree = "<group>";
		};
		B080530F2BD2B95B0019DE38 /* ViewControllers */ = {
			isa = PBXGroup;
			children = (
				B08053252BD58C2E0019DE38 /* ItemInfoVC */,
				B08052EF2BD016D00019DE38 /* GFAlertViewController.swift */,
				B08053172BD302F70019DE38 /* GFUserInfoHeaderVC.swift */,
			);
			path = ViewControllers;
			sourceTree = "<group>";
		};
		B08053102BD2B96D0019DE38 /* Labels */ = {
			isa = PBXGroup;
			children = (
				B08052EB2BD014B40019DE38 /* GFTitleLabel.swift */,
				B08052ED2BD0161A0019DE38 /* GFBodyLabel.swift */,
				B08053192BD303560019DE38 /* GFSecondaryTitleLabel.swift */,
			);
			path = Labels;
			sourceTree = "<group>";
		};
		B08053252BD58C2E0019DE38 /* ItemInfoVC */ = {
			isa = PBXGroup;
			children = (
				B080531F2BD586970019DE38 /* GFItemInfoViewController.swift */,
				B08053212BD589BC0019DE38 /* GFRepoItemVC.swift */,
				B08053232BD58BE10019DE38 /* GFFollowerItemVC.swift */,
			);
			path = ItemInfoVC;
			sourceTree = "<group>";
		};
/* End PBXGroup section */

/* Begin PBXNativeTarget section */
		B08052C92BCD6EA00019DE38 /* GHFollowers */ = {
			isa = PBXNativeTarget;
			buildConfigurationList = B08052DE2BCD6EA10019DE38 /* Build configuration list for PBXNativeTarget "GHFollowers" */;
			buildPhases = (
				B08052C62BCD6EA00019DE38 /* Sources */,
				B08052C72BCD6EA00019DE38 /* Frameworks */,
				B08052C82BCD6EA00019DE38 /* Resources */,
			);
			buildRules = (
			);
			dependencies = (
			);
			name = GHFollowers;
			productName = GHFollowers;
			productReference = B08052CA2BCD6EA00019DE38 /* GHFollowers.app */;
			productType = "com.apple.product-type.application";
		};
/* End PBXNativeTarget section */

/* Begin PBXProject section */
		B08052C22BCD6EA00019DE38 /* Project object */ = {
			isa = PBXProject;
			attributes = {
				BuildIndependentTargetsInParallel = 1;
				LastSwiftUpdateCheck = 1530;
				LastUpgradeCheck = 1530;
				TargetAttributes = {
					B08052C92BCD6EA00019DE38 = {
						CreatedOnToolsVersion = 15.3;
					};
				};
			};
			buildConfigurationList = B08052C52BCD6EA00019DE38 /* Build configuration list for PBXProject "GHFollowers" */;
			compatibilityVersion = "Xcode 14.0";
			developmentRegion = en;
			hasScannedForEncodings = 0;
			knownRegions = (
				en,
				Base,
			);
			mainGroup = B08052C12BCD6EA00019DE38;
			productRefGroup = B08052CB2BCD6EA00019DE38 /* Products */;
			projectDirPath = "";
			projectRoot = "";
			targets = (
				B08052C92BCD6EA00019DE38 /* GHFollowers */,
			);
		};
/* End PBXProject section */

/* Begin PBXResourcesBuildPhase section */
		B08052C82BCD6EA00019DE38 /* Resources */ = {
			isa = PBXResourcesBuildPhase;
			buildActionMask = 2147483647;
			files = (
				B08052D72BCD6EA10019DE38 /* Assets.xcassets in Resources */,
				B08052DA2BCD6EA10019DE38 /* Base in Resources */,
			);
			runOnlyForDeploymentPostprocessing = 0;
		};
/* End PBXResourcesBuildPhase section */

/* Begin PBXSourcesBuildPhase section */
		B08052C62BCD6EA00019DE38 /* Sources */ = {
			isa = PBXSourcesBuildPhase;
			buildActionMask = 2147483647;
			files = (
				B08052FB2BD03E1D0019DE38 /* User.swift in Sources */,
				B08052F02BD016D00019DE38 /* GFAlertViewController.swift in Sources */,
				B08052E82BCED2720019DE38 /* GFTextField.swift in Sources */,
				B08053292BD596F70019DE38 /* String+Ext.swift in Sources */,
				B08053082BD194290019DE38 /* UIHelper.swift in Sources */,
				B08052E22BCDCAFA0019DE38 /* SearchViewController.swift in Sources */,
				B08052F22BD01D1F0019DE38 /* UIViewController+Ext.swift in Sources */,
				B080531C2BD30AE70019DE38 /* Constants.swift in Sources */,
				B08053062BD1649A0019DE38 /* GFAvatarImageView.swift in Sources */,
				B08052E62BCECEED0019DE38 /* GFButton.swift in Sources */,
				B08052EA2BCEEF8E0019DE38 /* FollowerListViewController.swift in Sources */,
				B080531E2BD5825A0019DE38 /* GFItemInfoView.swift in Sources */,
				B08053242BD58BE10019DE38 /* GFFollowerItemVC.swift in Sources */,
				B08053042BD1640B0019DE38 /* FollowerCell.swift in Sources */,
				B08052EE2BD0161A0019DE38 /* GFBodyLabel.swift in Sources */,
				B08053182BD302F70019DE38 /* GFUserInfoHeaderVC.swift in Sources */,
				B080532D2BD6E6D40019DE38 /* favoriteCell.swift in Sources */,
				B08053162BD2FB910019DE38 /* GFError.swift in Sources */,
				B08052F92BD038A50019DE38 /* Follower.swift in Sources */,
				B08052CE2BCD6EA00019DE38 /* AppDelegate.swift in Sources */,
				B080531A2BD303560019DE38 /* GFSecondaryTitleLabel.swift in Sources */,
				B08053272BD596BF0019DE38 /* Date+Ext.swift in Sources */,
				B080532B2BD6DA640019DE38 /* PersistenceManager.swift in Sources */,
				B08053122BD2B9C30019DE38 /* GFEmptyStateView.swift in Sources */,
				B08052FE2BD0472E0019DE38 /* NetworkManager.swift in Sources */,
				B08052E42BCDCB330019DE38 /* FavoritesListViewController.swift in Sources */,
				B08053202BD586970019DE38 /* GFItemInfoViewController.swift in Sources */,
				B08053142BD2F1EA0019DE38 /* UserInfoViewController.swift in Sources */,
				B08052EC2BD014B40019DE38 /* GFTitleLabel.swift in Sources */,
				B08053222BD589BC0019DE38 /* GFRepoItemVC.swift in Sources */,
				B08052D02BCD6EA00019DE38 /* SceneDelegate.swift in Sources */,
			);
			runOnlyForDeploymentPostprocessing = 0;
		};
/* End PBXSourcesBuildPhase section */

/* Begin PBXVariantGroup section */
		B08052D82BCD6EA10019DE38 /* LaunchScreen.storyboard */ = {
			isa = PBXVariantGroup;
			children = (
				B08052D92BCD6EA10019DE38 /* Base */,
			);
			name = LaunchScreen.storyboard;
			sourceTree = "<group>";
		};
/* End PBXVariantGroup section */

/* Begin XCBuildConfiguration section */
		B08052DC2BCD6EA10019DE38 /* Debug */ = {
			isa = XCBuildConfiguration;
			buildSettings = {
				ALWAYS_SEARCH_USER_PATHS = NO;
				ASSETCATALOG_COMPILER_GENERATE_SWIFT_ASSET_SYMBOL_EXTENSIONS = YES;
				CLANG_ANALYZER_NONNULL = YES;
				CLANG_ANALYZER_NUMBER_OBJECT_CONVERSION = YES_AGGRESSIVE;
				CLANG_CXX_LANGUAGE_STANDARD = "gnu++20";
				CLANG_ENABLE_MODULES = YES;
				CLANG_ENABLE_OBJC_ARC = YES;
				CLANG_ENABLE_OBJC_WEAK = YES;
				CLANG_WARN_BLOCK_CAPTURE_AUTORELEASING = YES;
				CLANG_WARN_BOOL_CONVERSION = YES;
				CLANG_WARN_COMMA = YES;
				CLANG_WARN_CONSTANT_CONVERSION = YES;
				CLANG_WARN_DEPRECATED_OBJC_IMPLEMENTATIONS = YES;
				CLANG_WARN_DIRECT_OBJC_ISA_USAGE = YES_ERROR;
				CLANG_WARN_DOCUMENTATION_COMMENTS = YES;
				CLANG_WARN_EMPTY_BODY = YES;
				CLANG_WARN_ENUM_CONVERSION = YES;
				CLANG_WARN_INFINITE_RECURSION = YES;
				CLANG_WARN_INT_CONVERSION = YES;
				CLANG_WARN_NON_LITERAL_NULL_CONVERSION = YES;
				CLANG_WARN_OBJC_IMPLICIT_RETAIN_SELF = YES;
				CLANG_WARN_OBJC_LITERAL_CONVERSION = YES;
				CLANG_WARN_OBJC_ROOT_CLASS = YES_ERROR;
				CLANG_WARN_QUOTED_INCLUDE_IN_FRAMEWORK_HEADER = YES;
				CLANG_WARN_RANGE_LOOP_ANALYSIS = YES;
				CLANG_WARN_STRICT_PROTOTYPES = YES;
				CLANG_WARN_SUSPICIOUS_MOVE = YES;
				CLANG_WARN_UNGUARDED_AVAILABILITY = YES_AGGRESSIVE;
				CLANG_WARN_UNREACHABLE_CODE = YES;
				CLANG_WARN__DUPLICATE_METHOD_MATCH = YES;
				COPY_PHASE_STRIP = NO;
				DEBUG_INFORMATION_FORMAT = dwarf;
				ENABLE_STRICT_OBJC_MSGSEND = YES;
				ENABLE_TESTABILITY = YES;
				ENABLE_USER_SCRIPT_SANDBOXING = YES;
				GCC_C_LANGUAGE_STANDARD = gnu17;
				GCC_DYNAMIC_NO_PIC = NO;
				GCC_NO_COMMON_BLOCKS = YES;
				GCC_OPTIMIZATION_LEVEL = 0;
				GCC_PREPROCESSOR_DEFINITIONS = (
					"DEBUG=1",
					"$(inherited)",
				);
				GCC_WARN_64_TO_32_BIT_CONVERSION = YES;
				GCC_WARN_ABOUT_RETURN_TYPE = YES_ERROR;
				GCC_WARN_UNDECLARED_SELECTOR = YES;
				GCC_WARN_UNINITIALIZED_AUTOS = YES_AGGRESSIVE;
				GCC_WARN_UNUSED_FUNCTION = YES;
				GCC_WARN_UNUSED_VARIABLE = YES;
				IPHONEOS_DEPLOYMENT_TARGET = 17.4;
				LOCALIZATION_PREFERS_STRING_CATALOGS = YES;
				MTL_ENABLE_DEBUG_INFO = INCLUDE_SOURCE;
				MTL_FAST_MATH = YES;
				ONLY_ACTIVE_ARCH = YES;
				SDKROOT = iphoneos;
				SWIFT_ACTIVE_COMPILATION_CONDITIONS = "DEBUG $(inherited)";
				SWIFT_OPTIMIZATION_LEVEL = "-Onone";
			};
			name = Debug;
		};
		B08052DD2BCD6EA10019DE38 /* Release */ = {
			isa = XCBuildConfiguration;
			buildSettings = {
				ALWAYS_SEARCH_USER_PATHS = NO;
				ASSETCATALOG_COMPILER_GENERATE_SWIFT_ASSET_SYMBOL_EXTENSIONS = YES;
				CLANG_ANALYZER_NONNULL = YES;
				CLANG_ANALYZER_NUMBER_OBJECT_CONVERSION = YES_AGGRESSIVE;
				CLANG_CXX_LANGUAGE_STANDARD = "gnu++20";
				CLANG_ENABLE_MODULES = YES;
				CLANG_ENABLE_OBJC_ARC = YES;
				CLANG_ENABLE_OBJC_WEAK = YES;
				CLANG_WARN_BLOCK_CAPTURE_AUTORELEASING = YES;
				CLANG_WARN_BOOL_CONVERSION = YES;
				CLANG_WARN_COMMA = YES;
				CLANG_WARN_CONSTANT_CONVERSION = YES;
				CLANG_WARN_DEPRECATED_OBJC_IMPLEMENTATIONS = YES;
				CLANG_WARN_DIRECT_OBJC_ISA_USAGE = YES_ERROR;
				CLANG_WARN_DOCUMENTATION_COMMENTS = YES;
				CLANG_WARN_EMPTY_BODY = YES;
				CLANG_WARN_ENUM_CONVERSION = YES;
				CLANG_WARN_INFINITE_RECURSION = YES;
				CLANG_WARN_INT_CONVERSION = YES;
				CLANG_WARN_NON_LITERAL_NULL_CONVERSION = YES;
				CLANG_WARN_OBJC_IMPLICIT_RETAIN_SELF = YES;
				CLANG_WARN_OBJC_LITERAL_CONVERSION = YES;
				CLANG_WARN_OBJC_ROOT_CLASS = YES_ERROR;
				CLANG_WARN_QUOTED_INCLUDE_IN_FRAMEWORK_HEADER = YES;
				CLANG_WARN_RANGE_LOOP_ANALYSIS = YES;
				CLANG_WARN_STRICT_PROTOTYPES = YES;
				CLANG_WARN_SUSPICIOUS_MOVE = YES;
				CLANG_WARN_UNGUARDED_AVAILABILITY = YES_AGGRESSIVE;
				CLANG_WARN_UNREACHABLE_CODE = YES;
				CLANG_WARN__DUPLICATE_METHOD_MATCH = YES;
				COPY_PHASE_STRIP = NO;
				DEBUG_INFORMATION_FORMAT = "dwarf-with-dsym";
				ENABLE_NS_ASSERTIONS = NO;
				ENABLE_STRICT_OBJC_MSGSEND = YES;
				ENABLE_USER_SCRIPT_SANDBOXING = YES;
				GCC_C_LANGUAGE_STANDARD = gnu17;
				GCC_NO_COMMON_BLOCKS = YES;
				GCC_WARN_64_TO_32_BIT_CONVERSION = YES;
				GCC_WARN_ABOUT_RETURN_TYPE = YES_ERROR;
				GCC_WARN_UNDECLARED_SELECTOR = YES;
				GCC_WARN_UNINITIALIZED_AUTOS = YES_AGGRESSIVE;
				GCC_WARN_UNUSED_FUNCTION = YES;
				GCC_WARN_UNUSED_VARIABLE = YES;
				IPHONEOS_DEPLOYMENT_TARGET = 17.4;
				LOCALIZATION_PREFERS_STRING_CATALOGS = YES;
				MTL_ENABLE_DEBUG_INFO = NO;
				MTL_FAST_MATH = YES;
				SDKROOT = iphoneos;
				SWIFT_COMPILATION_MODE = wholemodule;
				VALIDATE_PRODUCT = YES;
			};
			name = Release;
		};
		B08052DF2BCD6EA10019DE38 /* Debug */ = {
			isa = XCBuildConfiguration;
			buildSettings = {
				ASSETCATALOG_COMPILER_APPICON_NAME = AppIcon;
				ASSETCATALOG_COMPILER_GLOBAL_ACCENT_COLOR_NAME = AccentColor;
				CODE_SIGN_STYLE = Automatic;
				CURRENT_PROJECT_VERSION = 1;
				DEVELOPMENT_TEAM = D56865PV9V;
				GENERATE_INFOPLIST_FILE = YES;
				INFOPLIST_FILE = GHFollowers/Info.plist;
				INFOPLIST_KEY_UIApplicationSupportsIndirectInputEvents = YES;
				INFOPLIST_KEY_UILaunchStoryboardName = LaunchScreen;
				INFOPLIST_KEY_UISupportedInterfaceOrientations = UIInterfaceOrientationPortrait;
				LD_RUNPATH_SEARCH_PATHS = (
					"$(inherited)",
					"@executable_path/Frameworks",
				);
				MARKETING_VERSION = 1.0;
				PRODUCT_BUNDLE_IDENTIFIER = ca.josuelubaki.GHFollowers;
				PRODUCT_NAME = "$(TARGET_NAME)";
				SUPPORTED_PLATFORMS = "iphoneos iphonesimulator";
				SUPPORTS_MACCATALYST = NO;
				SUPPORTS_MAC_DESIGNED_FOR_IPHONE_IPAD = NO;
				SUPPORTS_XR_DESIGNED_FOR_IPHONE_IPAD = NO;
				SWIFT_EMIT_LOC_STRINGS = YES;
				SWIFT_VERSION = 5.0;
				TARGETED_DEVICE_FAMILY = 1;
			};
			name = Debug;
		};
		B08052E02BCD6EA10019DE38 /* Release */ = {
			isa = XCBuildConfiguration;
			buildSettings = {
				ASSETCATALOG_COMPILER_APPICON_NAME = AppIcon;
				ASSETCATALOG_COMPILER_GLOBAL_ACCENT_COLOR_NAME = AccentColor;
				CODE_SIGN_STYLE = Automatic;
				CURRENT_PROJECT_VERSION = 1;
				DEVELOPMENT_TEAM = D56865PV9V;
				GENERATE_INFOPLIST_FILE = YES;
				INFOPLIST_FILE = GHFollowers/Info.plist;
				INFOPLIST_KEY_UIApplicationSupportsIndirectInputEvents = YES;
				INFOPLIST_KEY_UILaunchStoryboardName = LaunchScreen;
				INFOPLIST_KEY_UISupportedInterfaceOrientations = UIInterfaceOrientationPortrait;
				LD_RUNPATH_SEARCH_PATHS = (
					"$(inherited)",
					"@executable_path/Frameworks",
				);
				MARKETING_VERSION = 1.0;
				PRODUCT_BUNDLE_IDENTIFIER = ca.josuelubaki.GHFollowers;
				PRODUCT_NAME = "$(TARGET_NAME)";
				SUPPORTED_PLATFORMS = "iphoneos iphonesimulator";
				SUPPORTS_MACCATALYST = NO;
				SUPPORTS_MAC_DESIGNED_FOR_IPHONE_IPAD = NO;
				SUPPORTS_XR_DESIGNED_FOR_IPHONE_IPAD = NO;
				SWIFT_EMIT_LOC_STRINGS = YES;
				SWIFT_VERSION = 5.0;
				TARGETED_DEVICE_FAMILY = 1;
			};
			name = Release;
		};
/* End XCBuildConfiguration section */

/* Begin XCConfigurationList section */
		B08052C52BCD6EA00019DE38 /* Build configuration list for PBXProject "GHFollowers" */ = {
			isa = XCConfigurationList;
			buildConfigurations = (
				B08052DC2BCD6EA10019DE38 /* Debug */,
				B08052DD2BCD6EA10019DE38 /* Release */,
			);
			defaultConfigurationIsVisible = 0;
			defaultConfigurationName = Release;
		};
		B08052DE2BCD6EA10019DE38 /* Build configuration list for PBXNativeTarget "GHFollowers" */ = {
			isa = XCConfigurationList;
			buildConfigurations = (
				B08052DF2BCD6EA10019DE38 /* Debug */,
				B08052E02BCD6EA10019DE38 /* Release */,
			);
			defaultConfigurationIsVisible = 0;
			defaultConfigurationName = Release;
		};
/* End XCConfigurationList section */
	};
	rootObject = B08052C22BCD6EA00019DE38 /* Project object */;
}
